# Prisma Migrate lockfile v1

20200516205837-create-tables
20200519140431-change-id-type-for-location
20200603143752-create-perk-type
20200609152017-create-job-template
20200615124036-make-perk-name-unique
20200616100526-add-status-to-perk
20200619101606-expose-perk-create-and-update-fields
20200619101713-expose-update-and-create-of-perk
20200619101834-expose-perk-create-and-update
20200629094141-add-views-to-jobs
20200629170039-create-date-for-favorites
20200715105557-add-phone